
Microsoft Visual Studio Solution File, Format Version 12.00
# Visual Studio Version 16
VisualStudioVersion = 16.0.32002.261
MinimumVisualStudioVersion = 10.0.40219.1
Project("{FAE04EC0-301F-11D3-BF4B-00C04F79EFBC}") = "MarsRoverAssignment", "MarsRoverAssignment\MarsRoverAssignment.csproj", "{6B825821-9239-42DF-9473-10E59608203E}"
EndProject
Global
	GlobalSection(SolutionConfigurationPlatforms) = preSolution
		Debug|Any CPU = Debug|Any CPU
		Release|Any CPU = Release|Any CPU
	EndGlobalSection
	GlobalSection(ProjectConfigurationPlatforms) = postSolution
		{6B825821-9239-42DF-9473-10E59608203E}.Debug|Any CPU.ActiveCfg = Debug|Any CPU
		{6B825821-9239-42DF-9473-10E59608203E}.Debug|Any CPU.Build.0 = Debug|Any CPU
		{6B825821-9239-42DF-9473-10E59608203E}.Release|Any CPU.ActiveCfg = Release|Any CPU
		{6B825821-9239-42DF-9473-10E59608203E}.Release|Any CPU.Build.0 = Release|Any CPU
	EndGlobalSection
	GlobalSection(SolutionProperties) = preSolution
		HideSolutionNode = FALSE
	EndGlobalSection
	GlobalSection(ExtensibilityGlobals) = postSolution
		SolutionGuid = {787918C0-670A-4791-9303-BC3052226725}
	EndGlobalSection
EndGlobal
